# This file is autogenerated, do not edit; changes may be undone by the next 'dep ensure'.


[[projects]]
  branch = "master"
  name = "github.com/caarlos0/go-victorops"
  packages = ["."]
  revision = "5dc2858dbfacca03c211c8ce18160f9f9c398110"

[[projects]]
  branch = "master"
  name = "github.com/inconshreveable/mousetrap"
  packages = ["."]
  revision = "76626ae9c91c4f2a10f34cad8ce83ea42c93bb75"

[[projects]]
  branch = "master"
  name = "github.com/spf13/cobra"
  packages = ["."]
  revision = "99ff9334bda26384b5ef4a4aaa4d444d29bdde73"

[[projects]]
  branch = "master"
  name = "github.com/spf13/pflag"
  packages = ["."]
  revision = "e57e3eeb33f795204c1ca35f56c44f83227c6e66"

[[projects]]
  branch = "master"
  name = "golang.org/x/net"
  packages = ["context"]
  revision = "fe686d45ea04bc1bd4eff6a52865ce8757320325"

[[projects]]
  branch = "master"
  name = "golang.org/x/sync"
  packages = ["errgroup"]
  revision = "57af736625aaa69dfa099432bb67e0808eef3bcc"

[solve-meta]
  analyzer-name = "dep"
  analyzer-version = 1
  inputs-digest = "71e0299b29f65d618c7a700a3ba7c79e4706c97912b248b731cbde1b7d80b22b"
  solver-name = "gps-cdcl"
  solver-version = 1
